// !$*UTF8*$!
{
	archiveVersion = 1;
	classes = {
	};
	objectVersion = 56;
	objects = {

/* Begin PBXBuildFile section */
		7B520FE028F4A10F002B8DB4 /* String.cpp in Sources */ = {isa = PBXBuildFile; fileRef = 7B520FDF28F4A10F002B8DB4 /* String.cpp */; };
		7B520FE128F4A10F002B8DB4 /* String.cpp in Sources */ = {isa = PBXBuildFile; fileRef = 7B520FDF28F4A10F002B8DB4 /* String.cpp */; };
		7B5A353628E8640B00B2F589 /* SCXCTest.mm in Sources */ = {isa = PBXBuildFile; fileRef = 7B5A353528E8640B00B2F589 /* SCXCTest.mm */; };
		7B73F00928F37F040081C601 /* Memory.cpp in Sources */ = {isa = PBXBuildFile; fileRef = 7B73EFE828F37F040081C601 /* Memory.cpp */; };
		7B73F00A28F37F040081C601 /* Memory.cpp in Sources */ = {isa = PBXBuildFile; fileRef = 7B73EFE828F37F040081C601 /* Memory.cpp */; };
		7B73F00B28F37F040081C601 /* StringUtility.cpp in Sources */ = {isa = PBXBuildFile; fileRef = 7B73EFEA28F37F040081C601 /* StringUtility.cpp */; };
		7B73F00C28F37F040081C601 /* StringUtility.cpp in Sources */ = {isa = PBXBuildFile; fileRef = 7B73EFEA28F37F040081C601 /* StringUtility.cpp */; };
		7B73F00D28F37F040081C601 /* OSDarwin.cpp in Sources */ = {isa = PBXBuildFile; fileRef = 7B73EFED28F37F040081C601 /* OSDarwin.cpp */; };
		7B73F00E28F37F040081C601 /* OSDarwin.cpp in Sources */ = {isa = PBXBuildFile; fileRef = 7B73EFED28F37F040081C601 /* OSDarwin.cpp */; };
		7B73F00F28F37F040081C601 /* Console.cpp in Sources */ = {isa = PBXBuildFile; fileRef = 7B73EFF028F37F040081C601 /* Console.cpp */; };
		7B73F01028F37F040081C601 /* Console.cpp in Sources */ = {isa = PBXBuildFile; fileRef = 7B73EFF028F37F040081C601 /* Console.cpp */; };
		7B73F01128F37F040081C601 /* Test.cpp in Sources */ = {isa = PBXBuildFile; fileRef = 7B73EFF528F37F040081C601 /* Test.cpp */; };
		7B73F01228F37F040081C601 /* Test.cpp in Sources */ = {isa = PBXBuildFile; fileRef = 7B73EFF528F37F040081C601 /* Test.cpp */; };
		7B73F01328F37F040081C601 /* Assert.cpp in Sources */ = {isa = PBXBuildFile; fileRef = 7B73EFF628F37F040081C601 /* Assert.cpp */; };
		7B73F01428F37F040081C601 /* Assert.cpp in Sources */ = {isa = PBXBuildFile; fileRef = 7B73EFF628F37F040081C601 /* Assert.cpp */; };
		7B73F01528F37F040081C601 /* OSPosix.cpp in Sources */ = {isa = PBXBuildFile; fileRef = 7B73EFFA28F37F040081C601 /* OSPosix.cpp */; };
		7B73F01628F37F040081C601 /* OSPosix.cpp in Sources */ = {isa = PBXBuildFile; fileRef = 7B73EFFA28F37F040081C601 /* OSPosix.cpp */; };
		7B73F01728F37F040081C601 /* StringView.cpp in Sources */ = {isa = PBXBuildFile; fileRef = 7B73EFFF28F37F040081C601 /* StringView.cpp */; };
		7B73F01828F37F040081C601 /* StringView.cpp in Sources */ = {isa = PBXBuildFile; fileRef = 7B73EFFF28F37F040081C601 /* StringView.cpp */; };
		7B73F01928F37F040081C601 /* StaticAsserts.cpp in Sources */ = {isa = PBXBuildFile; fileRef = 7B73F00828F37F040081C601 /* StaticAsserts.cpp */; };
		7B73F01A28F37F040081C601 /* StaticAsserts.cpp in Sources */ = {isa = PBXBuildFile; fileRef = 7B73F00828F37F040081C601 /* StaticAsserts.cpp */; };
		7BB1D44228F5F1F000FAEA68 /* StringBuilder.cpp in Sources */ = {isa = PBXBuildFile; fileRef = 7BB1D44128F5F1F000FAEA68 /* StringBuilder.cpp */; };
		7BB1D44328F5F1F000FAEA68 /* StringBuilder.cpp in Sources */ = {isa = PBXBuildFile; fileRef = 7BB1D44128F5F1F000FAEA68 /* StringBuilder.cpp */; };
		7BB1D44728F5FED300FAEA68 /* StringFormat.cpp in Sources */ = {isa = PBXBuildFile; fileRef = 7BB1D44628F5FED300FAEA68 /* StringFormat.cpp */; };
		7BB1D44828F5FED300FAEA68 /* StringFormat.cpp in Sources */ = {isa = PBXBuildFile; fileRef = 7BB1D44628F5FED300FAEA68 /* StringFormat.cpp */; };
		7BB57D6A28E8667400A44295 /* main.cpp in Sources */ = {isa = PBXBuildFile; fileRef = 7BF4DF6928DE7A5E008CBB53 /* main.cpp */; };
		7BB57D6D28E86B3600A44295 /* main.cpp in Sources */ = {isa = PBXBuildFile; fileRef = 7BF4DF6928DE7A5E008CBB53 /* main.cpp */; };
/* End PBXBuildFile section */

/* Begin PBXContainerItemProxy section */
		7BB57D6E28E86CE700A44295 /* PBXContainerItemProxy */ = {
			isa = PBXContainerItemProxy;
			containerPortal = 7BF4DF5E28DE7A5E008CBB53 /* Project object */;
			proxyType = 1;
			remoteGlobalIDString = 7B52501328E85B9100827290;
			remoteInfo = SCTest;
		};
/* End PBXContainerItemProxy section */

/* Begin PBXCopyFilesBuildPhase section */
		7B52501228E85B9100827290 /* CopyFiles */ = {
			isa = PBXCopyFilesBuildPhase;
			buildActionMask = 2147483647;
			dstPath = /usr/share/man/man1/;
			dstSubfolderSpec = 0;
			files = (
			);
			runOnlyForDeploymentPostprocessing = 1;
		};
/* End PBXCopyFilesBuildPhase section */

/* Begin PBXFileReference section */
		7B0892B22915A9B200210F74 /* SerializationTemplate.h */ = {isa = PBXFileReference; fileEncoding = 4; lastKnownFileType = sourcecode.c.h; path = SerializationTemplate.h; sourceTree = "<group>"; };
		7B12434C28FB16A3002C5634 /* SmallVector.h */ = {isa = PBXFileReference; fileEncoding = 4; lastKnownFileType = sourcecode.c.h; path = SmallVector.h; sourceTree = "<group>"; };
		7B12434D28FB16A3002C5634 /* SmallVectorTest.h */ = {isa = PBXFileReference; fileEncoding = 4; lastKnownFileType = sourcecode.c.h; path = SmallVectorTest.h; sourceTree = "<group>"; };
		7B15637528F9FED200B3D229 /* StringFunctions.h */ = {isa = PBXFileReference; fileEncoding = 4; lastKnownFileType = sourcecode.c.h; path = StringFunctions.h; sourceTree = "<group>"; };
		7B15637628F9FF0700B3D229 /* StringFunctionsTest.h */ = {isa = PBXFileReference; lastKnownFileType = sourcecode.c.h; path = StringFunctionsTest.h; sourceTree = "<group>"; };
		7B26715028FC1A6000112DCE /* Function.h */ = {isa = PBXFileReference; fileEncoding = 4; lastKnownFileType = sourcecode.c.h; path = Function.h; sourceTree = "<group>"; };
		7B26715128FC1A6000112DCE /* FunctionTest.h */ = {isa = PBXFileReference; fileEncoding = 4; lastKnownFileType = sourcecode.c.h; path = FunctionTest.h; sourceTree = "<group>"; };
		7B2A92212917F2C000A187A6 /* SerializationTestSuite.h */ = {isa = PBXFileReference; fileEncoding = 4; lastKnownFileType = sourcecode.c.h; path = SerializationTestSuite.h; sourceTree = "<group>"; };
		7B520FDE28F4A10F002B8DB4 /* String.h */ = {isa = PBXFileReference; fileEncoding = 4; lastKnownFileType = sourcecode.c.h; path = String.h; sourceTree = "<group>"; };
		7B520FDF28F4A10F002B8DB4 /* String.cpp */ = {isa = PBXFileReference; fileEncoding = 4; lastKnownFileType = sourcecode.cpp.cpp; path = String.cpp; sourceTree = "<group>"; };
		7B520FE228F4A21B002B8DB4 /* StringTest.h */ = {isa = PBXFileReference; fileEncoding = 4; lastKnownFileType = sourcecode.c.h; path = StringTest.h; sourceTree = "<group>"; };
		7B52500F28E85AF100827290 /* .clang-format */ = {isa = PBXFileReference; lastKnownFileType = text; path = ".clang-format"; sourceTree = "<group>"; };
		7B52501428E85B9100827290 /* SCTest */ = {isa = PBXFileReference; explicitFileType = "compiled.mach-o.executable"; includeInIndex = 0; path = SCTest; sourceTree = BUILT_PRODUCTS_DIR; };
		7B5A353328E8640B00B2F589 /* SCXCTest.xctest */ = {isa = PBXFileReference; explicitFileType = wrapper.cfbundle; includeInIndex = 0; path = SCXCTest.xctest; sourceTree = BUILT_PRODUCTS_DIR; };
		7B5A353528E8640B00B2F589 /* SCXCTest.mm */ = {isa = PBXFileReference; lastKnownFileType = sourcecode.cpp.objcpp; path = SCXCTest.mm; sourceTree = "<group>"; };
		7B711C9B290DCAF200387525 /* ReflectionSC.h */ = {isa = PBXFileReference; fileEncoding = 4; lastKnownFileType = sourcecode.c.h; path = ReflectionSC.h; sourceTree = "<group>"; };
		7B73EFE728F37F040081C601 /* Console.h */ = {isa = PBXFileReference; fileEncoding = 4; lastKnownFileType = sourcecode.c.h; path = Console.h; sourceTree = "<group>"; };
		7B73EFE828F37F040081C601 /* Memory.cpp */ = {isa = PBXFileReference; fileEncoding = 4; lastKnownFileType = sourcecode.cpp.cpp; path = Memory.cpp; sourceTree = "<group>"; };
		7B73EFE928F37F040081C601 /* ArrayTest.h */ = {isa = PBXFileReference; fileEncoding = 4; lastKnownFileType = sourcecode.c.h; path = ArrayTest.h; sourceTree = "<group>"; };
		7B73EFEA28F37F040081C601 /* StringUtility.cpp */ = {isa = PBXFileReference; fileEncoding = 4; lastKnownFileType = sourcecode.cpp.cpp; path = StringUtility.cpp; sourceTree = "<group>"; };
		7B73EFEB28F37F040081C601 /* Segment.h */ = {isa = PBXFileReference; fileEncoding = 4; lastKnownFileType = sourcecode.c.h; path = Segment.h; sourceTree = "<group>"; };
		7B73EFEC28F37F040081C601 /* Compiler.h */ = {isa = PBXFileReference; fileEncoding = 4; lastKnownFileType = sourcecode.c.h; path = Compiler.h; sourceTree = "<group>"; };
		7B73EFED28F37F040081C601 /* OSDarwin.cpp */ = {isa = PBXFileReference; fileEncoding = 4; lastKnownFileType = sourcecode.cpp.cpp; path = OSDarwin.cpp; sourceTree = "<group>"; };
		7B73EFEE28F37F040081C601 /* Types.h */ = {isa = PBXFileReference; fileEncoding = 4; lastKnownFileType = sourcecode.c.h; path = Types.h; sourceTree = "<group>"; };
		7B73EFEF28F37F040081C601 /* Limits.h */ = {isa = PBXFileReference; fileEncoding = 4; lastKnownFileType = sourcecode.c.h; path = Limits.h; sourceTree = "<group>"; };
		7B73EFF028F37F040081C601 /* Console.cpp */ = {isa = PBXFileReference; fileEncoding = 4; lastKnownFileType = sourcecode.cpp.cpp; path = Console.cpp; sourceTree = "<group>"; };
		7B73EFF128F37F040081C601 /* StringViewTest.h */ = {isa = PBXFileReference; fileEncoding = 4; lastKnownFileType = sourcecode.c.h; path = StringViewTest.h; sourceTree = "<group>"; };
		7B73EFF228F37F040081C601 /* ConsoleTest.h */ = {isa = PBXFileReference; fileEncoding = 4; lastKnownFileType = sourcecode.c.h; path = ConsoleTest.h; sourceTree = "<group>"; };
		7B73EFF328F37F040081C601 /* OS.h */ = {isa = PBXFileReference; fileEncoding = 4; lastKnownFileType = sourcecode.c.h; path = OS.h; sourceTree = "<group>"; };
		7B73EFF428F37F040081C601 /* Language.h */ = {isa = PBXFileReference; fileEncoding = 4; lastKnownFileType = sourcecode.c.h; path = Language.h; sourceTree = "<group>"; };
		7B73EFF528F37F040081C601 /* Test.cpp */ = {isa = PBXFileReference; fileEncoding = 4; lastKnownFileType = sourcecode.cpp.cpp; path = Test.cpp; sourceTree = "<group>"; };
		7B73EFF628F37F040081C601 /* Assert.cpp */ = {isa = PBXFileReference; fileEncoding = 4; lastKnownFileType = sourcecode.cpp.cpp; path = Assert.cpp; sourceTree = "<group>"; };
		7B73EFF728F37F040081C601 /* Test.h */ = {isa = PBXFileReference; fileEncoding = 4; lastKnownFileType = sourcecode.c.h; path = Test.h; sourceTree = "<group>"; };
		7B73EFF828F37F040081C601 /* Result.h */ = {isa = PBXFileReference; fileEncoding = 4; lastKnownFileType = sourcecode.c.h; path = Result.h; sourceTree = "<group>"; };
		7B73EFF928F37F040081C601 /* ResultTest.h */ = {isa = PBXFileReference; fileEncoding = 4; lastKnownFileType = sourcecode.c.h; path = ResultTest.h; sourceTree = "<group>"; };
		7B73EFFA28F37F040081C601 /* OSPosix.cpp */ = {isa = PBXFileReference; fileEncoding = 4; lastKnownFileType = sourcecode.cpp.cpp; path = OSPosix.cpp; sourceTree = "<group>"; };
		7B73EFFB28F37F040081C601 /* OSTest.h */ = {isa = PBXFileReference; fileEncoding = 4; lastKnownFileType = sourcecode.c.h; path = OSTest.h; sourceTree = "<group>"; };
		7B73EFFC28F37F040081C601 /* StringUtility.h */ = {isa = PBXFileReference; fileEncoding = 4; lastKnownFileType = sourcecode.c.h; path = StringUtility.h; sourceTree = "<group>"; };
		7B73EFFD28F37F040081C601 /* StringView.h */ = {isa = PBXFileReference; fileEncoding = 4; lastKnownFileType = sourcecode.c.h; path = StringView.h; sourceTree = "<group>"; };
		7B73EFFE28F37F040081C601 /* Array.h */ = {isa = PBXFileReference; fileEncoding = 4; lastKnownFileType = sourcecode.c.h; path = Array.h; sourceTree = "<group>"; };
		7B73EFFF28F37F040081C601 /* StringView.cpp */ = {isa = PBXFileReference; fileEncoding = 4; lastKnownFileType = sourcecode.cpp.cpp; path = StringView.cpp; sourceTree = "<group>"; };
		7B73F00028F37F040081C601 /* MemoryTest.h */ = {isa = PBXFileReference; fileEncoding = 4; lastKnownFileType = sourcecode.c.h; path = MemoryTest.h; sourceTree = "<group>"; };
		7B73F00128F37F040081C601 /* Memory.h */ = {isa = PBXFileReference; fileEncoding = 4; lastKnownFileType = sourcecode.c.h; path = Memory.h; sourceTree = "<group>"; };
		7B73F00228F37F040081C601 /* VectorTest.h */ = {isa = PBXFileReference; fileEncoding = 4; lastKnownFileType = sourcecode.c.h; path = VectorTest.h; sourceTree = "<group>"; };
		7B73F00328F37F040081C601 /* Span.h */ = {isa = PBXFileReference; fileEncoding = 4; lastKnownFileType = sourcecode.c.h; path = Span.h; sourceTree = "<group>"; };
		7B73F00428F37F040081C601 /* LibC.h */ = {isa = PBXFileReference; fileEncoding = 4; lastKnownFileType = sourcecode.c.h; path = LibC.h; sourceTree = "<group>"; };
		7B73F00528F37F040081C601 /* Vector.h */ = {isa = PBXFileReference; fileEncoding = 4; lastKnownFileType = sourcecode.c.h; path = Vector.h; sourceTree = "<group>"; };
		7B73F00628F37F040081C601 /* Assert.h */ = {isa = PBXFileReference; fileEncoding = 4; lastKnownFileType = sourcecode.c.h; path = Assert.h; sourceTree = "<group>"; };
		7B73F00728F37F040081C601 /* Platform.h */ = {isa = PBXFileReference; fileEncoding = 4; lastKnownFileType = sourcecode.c.h; path = Platform.h; sourceTree = "<group>"; };
		7B73F00828F37F040081C601 /* StaticAsserts.cpp */ = {isa = PBXFileReference; fileEncoding = 4; lastKnownFileType = sourcecode.cpp.cpp; path = StaticAsserts.cpp; sourceTree = "<group>"; };
		7B7499A228FA99C200FFF406 /* MapTest.h */ = {isa = PBXFileReference; fileEncoding = 4; lastKnownFileType = sourcecode.c.h; path = MapTest.h; sourceTree = "<group>"; };
		7B7499A328FA99C200FFF406 /* Map.h */ = {isa = PBXFileReference; fileEncoding = 4; lastKnownFileType = sourcecode.c.h; path = Map.h; sourceTree = "<group>"; };
		7BB1D44028F5F1E300FAEA68 /* StringBuilder.h */ = {isa = PBXFileReference; fileEncoding = 4; lastKnownFileType = sourcecode.c.h; path = StringBuilder.h; sourceTree = "<group>"; };
		7BB1D44128F5F1F000FAEA68 /* StringBuilder.cpp */ = {isa = PBXFileReference; fileEncoding = 4; lastKnownFileType = sourcecode.cpp.cpp; path = StringBuilder.cpp; sourceTree = "<group>"; };
		7BB1D44428F5F38800FAEA68 /* StringBuilderTest.h */ = {isa = PBXFileReference; fileEncoding = 4; lastKnownFileType = sourcecode.c.h; path = StringBuilderTest.h; sourceTree = "<group>"; };
		7BB1D44528F5FED300FAEA68 /* StringFormat.h */ = {isa = PBXFileReference; fileEncoding = 4; lastKnownFileType = sourcecode.c.h; path = StringFormat.h; sourceTree = "<group>"; };
		7BB1D44628F5FED300FAEA68 /* StringFormat.cpp */ = {isa = PBXFileReference; fileEncoding = 4; lastKnownFileType = sourcecode.cpp.cpp; path = StringFormat.cpp; sourceTree = "<group>"; };
		7BB1D44928F5FF8000FAEA68 /* StringIterator.h */ = {isa = PBXFileReference; lastKnownFileType = sourcecode.c.h; path = StringIterator.h; sourceTree = "<group>"; };
		7BD080BE291C7217007B543B /* SerializationTypeErasedCompiler.h */ = {isa = PBXFileReference; lastKnownFileType = sourcecode.c.h; path = SerializationTypeErasedCompiler.h; sourceTree = "<group>"; };
		7BD080BF291C72CB007B543B /* SerializationTemplateCompiler.h */ = {isa = PBXFileReference; lastKnownFileType = sourcecode.c.h; path = SerializationTemplateCompiler.h; sourceTree = "<group>"; };
		7BD080C0291C7936007B543B /* SerializationTemplateTest.h */ = {isa = PBXFileReference; lastKnownFileType = sourcecode.c.h; path = SerializationTemplateTest.h; sourceTree = "<group>"; };
		7BD08BD529071D1B00970C9A /* ReflectionFlatSchemaCompiler.h */ = {isa = PBXFileReference; fileEncoding = 4; lastKnownFileType = sourcecode.c.h; path = ReflectionFlatSchemaCompiler.h; sourceTree = "<group>"; };
		7BD08BD629071D1B00970C9A /* Reflection.h */ = {isa = PBXFileReference; fileEncoding = 4; lastKnownFileType = sourcecode.c.h; path = Reflection.h; sourceTree = "<group>"; };
		7BD19C0A2917B3F700CDC3C8 /* ConstexprTypes.h */ = {isa = PBXFileReference; fileEncoding = 4; lastKnownFileType = sourcecode.c.h; path = ConstexprTypes.h; sourceTree = "<group>"; };
		7BD2350428FC9DA60004C69E /* ReflectionTest.h */ = {isa = PBXFileReference; fileEncoding = 4; lastKnownFileType = sourcecode.c.h; path = ReflectionTest.h; sourceTree = "<group>"; };
		7BD87ABF291438E2005E7980 /* SerializationTypeErasedTest.h */ = {isa = PBXFileReference; fileEncoding = 4; lastKnownFileType = sourcecode.c.h; path = SerializationTypeErasedTest.h; sourceTree = "<group>"; };
		7BE4E1CB29033C3D0091CED7 /* InitializerList.h */ = {isa = PBXFileReference; fileEncoding = 4; lastKnownFileType = sourcecode.c.h; path = InitializerList.h; sourceTree = "<group>"; };
		7BF0D328290C44E600FC93B4 /* SerializationTypeErased.h */ = {isa = PBXFileReference; fileEncoding = 4; lastKnownFileType = sourcecode.c.h; path = SerializationTypeErased.h; sourceTree = "<group>"; };
		7BF4DF6928DE7A5E008CBB53 /* main.cpp */ = {isa = PBXFileReference; lastKnownFileType = sourcecode.cpp.cpp; path = main.cpp; sourceTree = "<group>"; };
/* End PBXFileReference section */

/* Begin PBXFrameworksBuildPhase section */
		7B52501128E85B9100827290 /* Frameworks */ = {
			isa = PBXFrameworksBuildPhase;
			buildActionMask = 2147483647;
			files = (
			);
			runOnlyForDeploymentPostprocessing = 0;
		};
		7B5A353028E8640B00B2F589 /* Frameworks */ = {
			isa = PBXFrameworksBuildPhase;
			buildActionMask = 2147483647;
			files = (
			);
			runOnlyForDeploymentPostprocessing = 0;
		};
/* End PBXFrameworksBuildPhase section */

/* Begin PBXGroup section */
		7B5A353428E8640B00B2F589 /* SCXCTest */ = {
			isa = PBXGroup;
			children = (
				7B5A353528E8640B00B2F589 /* SCXCTest.mm */,
			);
			path = SCXCTest;
			sourceTree = "<group>";
		};
		7B73EFE528F37F040081C601 /* libraries */ = {
			isa = PBXGroup;
			children = (
				7B73EFE628F37F040081C601 /* foundation */,
			);
			path = libraries;
			sourceTree = "<group>";
		};
		7B73EFE628F37F040081C601 /* foundation */ = {
			isa = PBXGroup;
			children = (
				7B73EFFE28F37F040081C601 /* Array.h */,
				7B73EFE928F37F040081C601 /* ArrayTest.h */,
				7B73EFF628F37F040081C601 /* Assert.cpp */,
				7B73F00628F37F040081C601 /* Assert.h */,
				7B73EFEC28F37F040081C601 /* Compiler.h */,
				7B73EFF028F37F040081C601 /* Console.cpp */,
				7B73EFE728F37F040081C601 /* Console.h */,
				7B73EFF228F37F040081C601 /* ConsoleTest.h */,
				7BD19C0A2917B3F700CDC3C8 /* ConstexprTypes.h */,
				7B26715028FC1A6000112DCE /* Function.h */,
				7B26715128FC1A6000112DCE /* FunctionTest.h */,
				7BE4E1CB29033C3D0091CED7 /* InitializerList.h */,
				7B73EFF428F37F040081C601 /* Language.h */,
				7B73F00428F37F040081C601 /* LibC.h */,
				7B73EFEF28F37F040081C601 /* Limits.h */,
				7B7499A328FA99C200FFF406 /* Map.h */,
				7B7499A228FA99C200FFF406 /* MapTest.h */,
				7B73EFE828F37F040081C601 /* Memory.cpp */,
				7B73F00128F37F040081C601 /* Memory.h */,
				7B73F00028F37F040081C601 /* MemoryTest.h */,
				7B73EFF328F37F040081C601 /* OS.h */,
				7B73EFED28F37F040081C601 /* OSDarwin.cpp */,
				7B73EFFA28F37F040081C601 /* OSPosix.cpp */,
				7B73EFFB28F37F040081C601 /* OSTest.h */,
				7B73F00728F37F040081C601 /* Platform.h */,
				7BD08BD629071D1B00970C9A /* Reflection.h */,
				7BD08BD529071D1B00970C9A /* ReflectionFlatSchemaCompiler.h */,
				7B711C9B290DCAF200387525 /* ReflectionSC.h */,
				7BD2350428FC9DA60004C69E /* ReflectionTest.h */,
				7B73EFF828F37F040081C601 /* Result.h */,
				7B73EFF928F37F040081C601 /* ResultTest.h */,
				7B73EFEB28F37F040081C601 /* Segment.h */,
				7B0892B22915A9B200210F74 /* SerializationTemplate.h */,
				7BD080BF291C72CB007B543B /* SerializationTemplateCompiler.h */,
				7BD080C0291C7936007B543B /* SerializationTemplateTest.h */,
				7B2A92212917F2C000A187A6 /* SerializationTestSuite.h */,
				7BF0D328290C44E600FC93B4 /* SerializationTypeErased.h */,
				7BD080BE291C7217007B543B /* SerializationTypeErasedCompiler.h */,
				7BD87ABF291438E2005E7980 /* SerializationTypeErasedTest.h */,
				7B12434C28FB16A3002C5634 /* SmallVector.h */,
				7B12434D28FB16A3002C5634 /* SmallVectorTest.h */,
				7B73F00328F37F040081C601 /* Span.h */,
				7B73F00828F37F040081C601 /* StaticAsserts.cpp */,
				7B520FDF28F4A10F002B8DB4 /* String.cpp */,
				7B520FDE28F4A10F002B8DB4 /* String.h */,
				7BB1D44128F5F1F000FAEA68 /* StringBuilder.cpp */,
				7BB1D44028F5F1E300FAEA68 /* StringBuilder.h */,
				7BB1D44428F5F38800FAEA68 /* StringBuilderTest.h */,
				7BB1D44628F5FED300FAEA68 /* StringFormat.cpp */,
				7BB1D44528F5FED300FAEA68 /* StringFormat.h */,
				7B15637528F9FED200B3D229 /* StringFunctions.h */,
				7B15637628F9FF0700B3D229 /* StringFunctionsTest.h */,
				7BB1D44928F5FF8000FAEA68 /* StringIterator.h */,
				7B520FE228F4A21B002B8DB4 /* StringTest.h */,
				7B73EFEA28F37F040081C601 /* StringUtility.cpp */,
				7B73EFFC28F37F040081C601 /* StringUtility.h */,
				7B73EFFF28F37F040081C601 /* StringView.cpp */,
				7B73EFFD28F37F040081C601 /* StringView.h */,
				7B73EFF128F37F040081C601 /* StringViewTest.h */,
				7B73EFF528F37F040081C601 /* Test.cpp */,
				7B73EFF728F37F040081C601 /* Test.h */,
				7B73EFEE28F37F040081C601 /* Types.h */,
				7B73F00528F37F040081C601 /* Vector.h */,
				7B73F00228F37F040081C601 /* VectorTest.h */,
			);
			path = foundation;
			sourceTree = "<group>";
		};
		7BF4DF5D28DE7A5E008CBB53 = {
			isa = PBXGroup;
			children = (
				7BF4DF6928DE7A5E008CBB53 /* main.cpp */,
				7B73EFE528F37F040081C601 /* libraries */,
				7B52500F28E85AF100827290 /* .clang-format */,
				7B5A353428E8640B00B2F589 /* SCXCTest */,
				7BF4DF6728DE7A5E008CBB53 /* Products */,
			);
			sourceTree = "<group>";
		};
		7BF4DF6728DE7A5E008CBB53 /* Products */ = {
			isa = PBXGroup;
			children = (
				7B52501428E85B9100827290 /* SCTest */,
				7B5A353328E8640B00B2F589 /* SCXCTest.xctest */,
			);
			name = Products;
			sourceTree = "<group>";
		};
/* End PBXGroup section */

/* Begin PBXNativeTarget section */
		7B52501328E85B9100827290 /* SCTest */ = {
			isa = PBXNativeTarget;
			buildConfigurationList = 7B52501828E85B9100827290 /* Build configuration list for PBXNativeTarget "SCTest" */;
			buildPhases = (
				7B52501028E85B9100827290 /* Sources */,
				7B52501128E85B9100827290 /* Frameworks */,
				7B52501228E85B9100827290 /* CopyFiles */,
			);
			buildRules = (
			);
			dependencies = (
			);
			name = SCTest;
			productName = SCTest;
			productReference = 7B52501428E85B9100827290 /* SCTest */;
			productType = "com.apple.product-type.tool";
		};
		7B5A353228E8640B00B2F589 /* SCXCTest */ = {
			isa = PBXNativeTarget;
			buildConfigurationList = 7B5A353728E8640B00B2F589 /* Build configuration list for PBXNativeTarget "SCXCTest" */;
			buildPhases = (
				7B5A352F28E8640B00B2F589 /* Sources */,
				7B5A353028E8640B00B2F589 /* Frameworks */,
				7B5A353128E8640B00B2F589 /* Resources */,
			);
			buildRules = (
			);
			dependencies = (
				7BB57D6F28E86CE700A44295 /* PBXTargetDependency */,
			);
			name = SCXCTest;
			productName = SCXCTest;
			productReference = 7B5A353328E8640B00B2F589 /* SCXCTest.xctest */;
			productType = "com.apple.product-type.bundle.unit-test";
		};
/* End PBXNativeTarget section */

/* Begin PBXProject section */
		7BF4DF5E28DE7A5E008CBB53 /* Project object */ = {
			isa = PBXProject;
			attributes = {
				BuildIndependentTargetsInParallel = 1;
				LastUpgradeCheck = 1410;
				TargetAttributes = {
					7B52501328E85B9100827290 = {
						CreatedOnToolsVersion = 14.0.1;
					};
					7B5A353228E8640B00B2F589 = {
						CreatedOnToolsVersion = 14.0.1;
					};
				};
			};
			buildConfigurationList = 7BF4DF6128DE7A5E008CBB53 /* Build configuration list for PBXProject "SC" */;
			compatibilityVersion = "Xcode 14.0";
			developmentRegion = en;
			hasScannedForEncodings = 0;
			knownRegions = (
				en,
				Base,
			);
			mainGroup = 7BF4DF5D28DE7A5E008CBB53;
			productRefGroup = 7BF4DF6728DE7A5E008CBB53 /* Products */;
			projectDirPath = "";
			projectRoot = "";
			targets = (
				7B52501328E85B9100827290 /* SCTest */,
				7B5A353228E8640B00B2F589 /* SCXCTest */,
			);
		};
/* End PBXProject section */

/* Begin PBXResourcesBuildPhase section */
		7B5A353128E8640B00B2F589 /* Resources */ = {
			isa = PBXResourcesBuildPhase;
			buildActionMask = 2147483647;
			files = (
			);
			runOnlyForDeploymentPostprocessing = 0;
		};
/* End PBXResourcesBuildPhase section */

/* Begin PBXSourcesBuildPhase section */
		7B52501028E85B9100827290 /* Sources */ = {
			isa = PBXSourcesBuildPhase;
			buildActionMask = 2147483647;
			files = (
				7B73F00D28F37F040081C601 /* OSDarwin.cpp in Sources */,
				7BB1D44728F5FED300FAEA68 /* StringFormat.cpp in Sources */,
				7B73F01928F37F040081C601 /* StaticAsserts.cpp in Sources */,
				7BB1D44228F5F1F000FAEA68 /* StringBuilder.cpp in Sources */,
				7B73F01528F37F040081C601 /* OSPosix.cpp in Sources */,
				7B73F00B28F37F040081C601 /* StringUtility.cpp in Sources */,
				7B73F00F28F37F040081C601 /* Console.cpp in Sources */,
				7B73F01128F37F040081C601 /* Test.cpp in Sources */,
				7B73F00928F37F040081C601 /* Memory.cpp in Sources */,
				7BB57D6D28E86B3600A44295 /* main.cpp in Sources */,
				7B73F01328F37F040081C601 /* Assert.cpp in Sources */,
				7B520FE028F4A10F002B8DB4 /* String.cpp in Sources */,
				7B73F01728F37F040081C601 /* StringView.cpp in Sources */,
			);
			runOnlyForDeploymentPostprocessing = 0;
		};
		7B5A352F28E8640B00B2F589 /* Sources */ = {
			isa = PBXSourcesBuildPhase;
			buildActionMask = 2147483647;
			files = (
				7B73F00A28F37F040081C601 /* Memory.cpp in Sources */,
				7BB1D44828F5FED300FAEA68 /* StringFormat.cpp in Sources */,
				7B73F01828F37F040081C601 /* StringView.cpp in Sources */,
				7B73F00C28F37F040081C601 /* StringUtility.cpp in Sources */,
				7B73F01228F37F040081C601 /* Test.cpp in Sources */,
				7B73F01628F37F040081C601 /* OSPosix.cpp in Sources */,
				7B5A353628E8640B00B2F589 /* SCXCTest.mm in Sources */,
				7B73F01028F37F040081C601 /* Console.cpp in Sources */,
				7B73F01A28F37F040081C601 /* StaticAsserts.cpp in Sources */,
				7B73F01428F37F040081C601 /* Assert.cpp in Sources */,
				7BB57D6A28E8667400A44295 /* main.cpp in Sources */,
				7B520FE128F4A10F002B8DB4 /* String.cpp in Sources */,
				7BB1D44328F5F1F000FAEA68 /* StringBuilder.cpp in Sources */,
				7B73F00E28F37F040081C601 /* OSDarwin.cpp in Sources */,
			);
			runOnlyForDeploymentPostprocessing = 0;
		};
/* End PBXSourcesBuildPhase section */

/* Begin PBXTargetDependency section */
		7BB57D6F28E86CE700A44295 /* PBXTargetDependency */ = {
			isa = PBXTargetDependency;
			target = 7B52501328E85B9100827290 /* SCTest */;
			targetProxy = 7BB57D6E28E86CE700A44295 /* PBXContainerItemProxy */;
		};
/* End PBXTargetDependency section */

/* Begin XCBuildConfiguration section */
		7B52501928E85B9100827290 /* Debug */ = {
			isa = XCBuildConfiguration;
			buildSettings = {
				CLANG_CXX_LANGUAGE_STANDARD = "c++14";
				CODE_SIGN_IDENTITY = "-";
				CODE_SIGN_STYLE = Automatic;
				DEAD_CODE_STRIPPING = YES;
				GCC_ENABLE_CPP_EXCEPTIONS = NO;
				GCC_ENABLE_CPP_RTTI = NO;
				GCC_TREAT_WARNINGS_AS_ERRORS = YES;
				OTHER_CPLUSPLUSFLAGS = (
					"$(OTHER_CFLAGS)",
					"-nostdinc++",
				);
				OTHER_LDFLAGS = "-nostdlib++";
				PRODUCT_NAME = "$(TARGET_NAME)";
			};
			name = Debug;
		};
		7B52501A28E85B9100827290 /* Release */ = {
			isa = XCBuildConfiguration;
			buildSettings = {
				CLANG_CXX_LANGUAGE_STANDARD = "c++14";
				CODE_SIGN_IDENTITY = "-";
				CODE_SIGN_STYLE = Automatic;
				DEAD_CODE_STRIPPING = YES;
				DEPLOYMENT_POSTPROCESSING = YES;
				GCC_ENABLE_CPP_EXCEPTIONS = NO;
				GCC_ENABLE_CPP_RTTI = NO;
				GCC_TREAT_WARNINGS_AS_ERRORS = YES;
				OTHER_CPLUSPLUSFLAGS = (
					"$(OTHER_CFLAGS)",
					"-nostdinc++",
				);
				OTHER_LDFLAGS = "-nostdlib++";
				PRODUCT_NAME = "$(TARGET_NAME)";
			};
			name = Release;
		};
		7B5A353828E8640B00B2F589 /* Debug */ = {
			isa = XCBuildConfiguration;
			buildSettings = {
				CODE_SIGN_STYLE = Automatic;
				CURRENT_PROJECT_VERSION = 1;
				DEAD_CODE_STRIPPING = YES;
				GENERATE_INFOPLIST_FILE = YES;
				MARKETING_VERSION = 1.0;
				PRODUCT_BUNDLE_IDENTIFIER = sc.SCXCTest;
				PRODUCT_NAME = "$(TARGET_NAME)";
				SWIFT_EMIT_LOC_STRINGS = NO;
			};
			name = Debug;
		};
		7B5A353928E8640B00B2F589 /* Release */ = {
			isa = XCBuildConfiguration;
			buildSettings = {
				CODE_SIGN_STYLE = Automatic;
				CURRENT_PROJECT_VERSION = 1;
				DEAD_CODE_STRIPPING = YES;
				GENERATE_INFOPLIST_FILE = YES;
				MARKETING_VERSION = 1.0;
				PRODUCT_BUNDLE_IDENTIFIER = sc.SCXCTest;
				PRODUCT_NAME = "$(TARGET_NAME)";
				SWIFT_EMIT_LOC_STRINGS = NO;
			};
			name = Release;
		};
		7BF4DF6B28DE7A5E008CBB53 /* Debug */ = {
			isa = XCBuildConfiguration;
			buildSettings = {
				ALWAYS_SEARCH_USER_PATHS = NO;
				CLANG_ANALYZER_NONNULL = YES;
				CLANG_ANALYZER_NUMBER_OBJECT_CONVERSION = YES_AGGRESSIVE;
				CLANG_CXX_LANGUAGE_STANDARD = "gnu++20";
				CLANG_ENABLE_MODULES = YES;
				CLANG_ENABLE_OBJC_ARC = YES;
				CLANG_ENABLE_OBJC_WEAK = YES;
				CLANG_WARN_BLOCK_CAPTURE_AUTORELEASING = YES;
				CLANG_WARN_BOOL_CONVERSION = YES;
				CLANG_WARN_COMMA = YES;
				CLANG_WARN_CONSTANT_CONVERSION = YES;
				CLANG_WARN_DEPRECATED_OBJC_IMPLEMENTATIONS = YES;
				CLANG_WARN_DIRECT_OBJC_ISA_USAGE = YES_ERROR;
				CLANG_WARN_DOCUMENTATION_COMMENTS = YES;
				CLANG_WARN_EMPTY_BODY = YES;
				CLANG_WARN_ENUM_CONVERSION = YES;
				CLANG_WARN_INFINITE_RECURSION = YES;
				CLANG_WARN_INT_CONVERSION = YES;
				CLANG_WARN_NON_LITERAL_NULL_CONVERSION = YES;
				CLANG_WARN_OBJC_IMPLICIT_RETAIN_SELF = YES;
				CLANG_WARN_OBJC_LITERAL_CONVERSION = YES;
				CLANG_WARN_OBJC_ROOT_CLASS = YES_ERROR;
				CLANG_WARN_QUOTED_INCLUDE_IN_FRAMEWORK_HEADER = YES;
				CLANG_WARN_RANGE_LOOP_ANALYSIS = YES;
				CLANG_WARN_STRICT_PROTOTYPES = YES;
				CLANG_WARN_SUSPICIOUS_MOVE = YES;
				CLANG_WARN_UNGUARDED_AVAILABILITY = YES_AGGRESSIVE;
				CLANG_WARN_UNREACHABLE_CODE = YES;
				CLANG_WARN__DUPLICATE_METHOD_MATCH = YES;
				CONFIGURATION_BUILD_DIR = "$(PROJECT_DIR)/_build/macOS-Universal/$(CONFIGURATION)";
				COPY_PHASE_STRIP = NO;
				DEAD_CODE_STRIPPING = YES;
				DEBUG_INFORMATION_FORMAT = dwarf;
				ENABLE_STRICT_OBJC_MSGSEND = YES;
				ENABLE_TESTABILITY = YES;
				GCC_C_LANGUAGE_STANDARD = gnu11;
				GCC_DYNAMIC_NO_PIC = NO;
				GCC_NO_COMMON_BLOCKS = YES;
				GCC_OPTIMIZATION_LEVEL = 0;
				GCC_PREPROCESSOR_DEFINITIONS = (
					"DEBUG=1",
					"$(inherited)",
				);
				GCC_WARN_64_TO_32_BIT_CONVERSION = YES;
				GCC_WARN_ABOUT_RETURN_TYPE = YES_ERROR;
				GCC_WARN_UNDECLARED_SELECTOR = YES;
				GCC_WARN_UNINITIALIZED_AUTOS = YES_AGGRESSIVE;
				GCC_WARN_UNUSED_FUNCTION = YES;
				GCC_WARN_UNUSED_VARIABLE = YES;
				MACOSX_DEPLOYMENT_TARGET = 12.3;
				MTL_ENABLE_DEBUG_INFO = INCLUDE_SOURCE;
				MTL_FAST_MATH = YES;
				ONLY_ACTIVE_ARCH = YES;
				SDKROOT = macosx;
				SYMROOT = "$(PROJECT_DIR)/_intermediate/macOS-Universal/$(CONFIGURATION)";
			};
			name = Debug;
		};
		7BF4DF6C28DE7A5E008CBB53 /* Release */ = {
			isa = XCBuildConfiguration;
			buildSettings = {
				ALWAYS_SEARCH_USER_PATHS = NO;
				CLANG_ANALYZER_NONNULL = YES;
				CLANG_ANALYZER_NUMBER_OBJECT_CONVERSION = YES_AGGRESSIVE;
				CLANG_CXX_LANGUAGE_STANDARD = "gnu++20";
				CLANG_ENABLE_MODULES = YES;
				CLANG_ENABLE_OBJC_ARC = YES;
				CLANG_ENABLE_OBJC_WEAK = YES;
				CLANG_WARN_BLOCK_CAPTURE_AUTORELEASING = YES;
				CLANG_WARN_BOOL_CONVERSION = YES;
				CLANG_WARN_COMMA = YES;
				CLANG_WARN_CONSTANT_CONVERSION = YES;
				CLANG_WARN_DEPRECATED_OBJC_IMPLEMENTATIONS = YES;
				CLANG_WARN_DIRECT_OBJC_ISA_USAGE = YES_ERROR;
				CLANG_WARN_DOCUMENTATION_COMMENTS = YES;
				CLANG_WARN_EMPTY_BODY = YES;
				CLANG_WARN_ENUM_CONVERSION = YES;
				CLANG_WARN_INFINITE_RECURSION = YES;
				CLANG_WARN_INT_CONVERSION = YES;
				CLANG_WARN_NON_LITERAL_NULL_CONVERSION = YES;
				CLANG_WARN_OBJC_IMPLICIT_RETAIN_SELF = YES;
				CLANG_WARN_OBJC_LITERAL_CONVERSION = YES;
				CLANG_WARN_OBJC_ROOT_CLASS = YES_ERROR;
				CLANG_WARN_QUOTED_INCLUDE_IN_FRAMEWORK_HEADER = YES;
				CLANG_WARN_RANGE_LOOP_ANALYSIS = YES;
				CLANG_WARN_STRICT_PROTOTYPES = YES;
				CLANG_WARN_SUSPICIOUS_MOVE = YES;
				CLANG_WARN_UNGUARDED_AVAILABILITY = YES_AGGRESSIVE;
				CLANG_WARN_UNREACHABLE_CODE = YES;
				CLANG_WARN__DUPLICATE_METHOD_MATCH = YES;
				CONFIGURATION_BUILD_DIR = "$(PROJECT_DIR)/_build/macOS-Universal/$(CONFIGURATION)";
				COPY_PHASE_STRIP = NO;
				DEAD_CODE_STRIPPING = YES;
				DEBUG_INFORMATION_FORMAT = "dwarf-with-dsym";
				ENABLE_NS_ASSERTIONS = NO;
				ENABLE_STRICT_OBJC_MSGSEND = YES;
				GCC_C_LANGUAGE_STANDARD = gnu11;
				GCC_NO_COMMON_BLOCKS = YES;
				GCC_WARN_64_TO_32_BIT_CONVERSION = YES;
				GCC_WARN_ABOUT_RETURN_TYPE = YES_ERROR;
				GCC_WARN_UNDECLARED_SELECTOR = YES;
				GCC_WARN_UNINITIALIZED_AUTOS = YES_AGGRESSIVE;
				GCC_WARN_UNUSED_FUNCTION = YES;
				GCC_WARN_UNUSED_VARIABLE = YES;
				MACOSX_DEPLOYMENT_TARGET = 12.3;
				MTL_ENABLE_DEBUG_INFO = NO;
				MTL_FAST_MATH = YES;
				SDKROOT = macosx;
				SYMROOT = "$(PROJECT_DIR)/_intermediate/macOS-Universal/$(CONFIGURATION)";
			};
			name = Release;
		};
/* End XCBuildConfiguration section */

/* Begin XCConfigurationList section */
		7B52501828E85B9100827290 /* Build configuration list for PBXNativeTarget "SCTest" */ = {
			isa = XCConfigurationList;
			buildConfigurations = (
				7B52501928E85B9100827290 /* Debug */,
				7B52501A28E85B9100827290 /* Release */,
			);
			defaultConfigurationIsVisible = 0;
			defaultConfigurationName = Release;
		};
		7B5A353728E8640B00B2F589 /* Build configuration list for PBXNativeTarget "SCXCTest" */ = {
			isa = XCConfigurationList;
			buildConfigurations = (
				7B5A353828E8640B00B2F589 /* Debug */,
				7B5A353928E8640B00B2F589 /* Release */,
			);
			defaultConfigurationIsVisible = 0;
			defaultConfigurationName = Release;
		};
		7BF4DF6128DE7A5E008CBB53 /* Build configuration list for PBXProject "SC" */ = {
			isa = XCConfigurationList;
			buildConfigurations = (
				7BF4DF6B28DE7A5E008CBB53 /* Debug */,
				7BF4DF6C28DE7A5E008CBB53 /* Release */,
			);
			defaultConfigurationIsVisible = 0;
			defaultConfigurationName = Release;
		};
/* End XCConfigurationList section */
	};
	rootObject = 7BF4DF5E28DE7A5E008CBB53 /* Project object */;
}
